// !$*UTF8*$!
{
	archiveVersion = 1;
	classes = {
	};
	objectVersion = 46;
	objects = {

/* Begin PBXBuildFile section */
		C75343401E1513BF004392F6 /* AppDelegate.swift in Sources */ = {isa = PBXBuildFile; fileRef = C753433F1E1513BF004392F6 /* AppDelegate.swift */; };
		C75343451E1513BF004392F6 /* Main.storyboard in Resources */ = {isa = PBXBuildFile; fileRef = C75343431E1513BF004392F6 /* Main.storyboard */; };
		C75343471E1513BF004392F6 /* Assets.xcassets in Resources */ = {isa = PBXBuildFile; fileRef = C75343461E1513BF004392F6 /* Assets.xcassets */; };
		C753434A1E1513BF004392F6 /* LaunchScreen.storyboard in Resources */ = {isa = PBXBuildFile; fileRef = C75343481E1513BF004392F6 /* LaunchScreen.storyboard */; };
		C75343541E15147E004392F6 /* CloudKit.framework in Frameworks */ = {isa = PBXBuildFile; fileRef = C75343531E15147E004392F6 /* CloudKit.framework */; };
		C79A199B1E1666EB0052F7DD /* default.realm in Resources */ = {isa = PBXBuildFile; fileRef = C79A199A1E1666EB0052F7DD /* default.realm */; };
		C7DBF5E71E156A1E00ADC1B8 /* TableViewController.swift in Sources */ = {isa = PBXBuildFile; fileRef = C7DBF5E61E156A1E00ADC1B8 /* TableViewController.swift */; };
/* End PBXBuildFile section */

/* Begin PBXFileReference section */
		C753433C1E1513BF004392F6 /* TestCloud.app */ = {isa = PBXFileReference; explicitFileType = wrapper.application; includeInIndex = 0; path = TestCloud.app; sourceTree = BUILT_PRODUCTS_DIR; };
		C753433F1E1513BF004392F6 /* AppDelegate.swift */ = {isa = PBXFileReference; lastKnownFileType = sourcecode.swift; path = AppDelegate.swift; sourceTree = "<group>"; };
		C75343441E1513BF004392F6 /* Base */ = {isa = PBXFileReference; lastKnownFileType = file.storyboard; name = Base; path = Base.lproj/Main.storyboard; sourceTree = "<group>"; };
		C75343461E1513BF004392F6 /* Assets.xcassets */ = {isa = PBXFileReference; lastKnownFileType = folder.assetcatalog; path = Assets.xcassets; sourceTree = "<group>"; };
		C75343491E1513BF004392F6 /* Base */ = {isa = PBXFileReference; lastKnownFileType = file.storyboard; name = Base; path = Base.lproj/LaunchScreen.storyboard; sourceTree = "<group>"; };
		C753434B1E1513BF004392F6 /* Info.plist */ = {isa = PBXFileReference; lastKnownFileType = text.plist.xml; path = Info.plist; sourceTree = "<group>"; };
		C75343511E1513C9004392F6 /* TestCloud.entitlements */ = {isa = PBXFileReference; lastKnownFileType = text.plist.entitlements; path = TestCloud.entitlements; sourceTree = "<group>"; };
		C75343531E15147E004392F6 /* CloudKit.framework */ = {isa = PBXFileReference; lastKnownFileType = wrapper.framework; name = CloudKit.framework; path = System/Library/Frameworks/CloudKit.framework; sourceTree = SDKROOT; };
		C79A199A1E1666EB0052F7DD /* default.realm */ = {isa = PBXFileReference; lastKnownFileType = file; path = default.realm; sourceTree = "<group>"; };
		C7DBF5E61E156A1E00ADC1B8 /* TableViewController.swift */ = {isa = PBXFileReference; fileEncoding = 4; lastKnownFileType = sourcecode.swift; path = TableViewController.swift; sourceTree = "<group>"; };
/* End PBXFileReference section */

/* Begin PBXFrameworksBuildPhase section */
		C75343391E1513BF004392F6 /* Frameworks */ = {
			isa = PBXFrameworksBuildPhase;
			buildActionMask = 2147483647;
			files = (
				C75343541E15147E004392F6 /* CloudKit.framework in Frameworks */,
			);
			runOnlyForDeploymentPostprocessing = 0;
		};
/* End PBXFrameworksBuildPhase section */

/* Begin PBXGroup section */
		C75343331E1513BF004392F6 = {
			isa = PBXGroup;
			children = (
				C79A199A1E1666EB0052F7DD /* default.realm */,
				C753433E1E1513BF004392F6 /* TestCloud */,
				C753433D1E1513BF004392F6 /* Products */,
				C75343521E15147E004392F6 /* Frameworks */,
			);
			sourceTree = "<group>";
		};
		C753433D1E1513BF004392F6 /* Products */ = {
			isa = PBXGroup;
			children = (
				C753433C1E1513BF004392F6 /* TestCloud.app */,
			);
			name = Products;
			sourceTree = "<group>";
		};
		C753433E1E1513BF004392F6 /* TestCloud */ = {
			isa = PBXGroup;
			children = (
				C75343511E1513C9004392F6 /* TestCloud.entitlements */,
				C753433F1E1513BF004392F6 /* AppDelegate.swift */,
				C7DBF5E61E156A1E00ADC1B8 /* TableViewController.swift */,
				C75343431E1513BF004392F6 /* Main.storyboard */,
				C75343461E1513BF004392F6 /* Assets.xcassets */,
				C75343481E1513BF004392F6 /* LaunchScreen.storyboard */,
				C753434B1E1513BF004392F6 /* Info.plist */,
			);
			path = TestCloud;
			sourceTree = "<group>";
		};
		C75343521E15147E004392F6 /* Frameworks */ = {
			isa = PBXGroup;
			children = (
				C75343531E15147E004392F6 /* CloudKit.framework */,
			);
			name = Frameworks;
			sourceTree = "<group>";
		};
/* End PBXGroup section */

/* Begin PBXNativeTarget section */
		C753433B1E1513BF004392F6 /* TestCloud */ = {
			isa = PBXNativeTarget;
			buildConfigurationList = C753434E1E1513BF004392F6 /* Build configuration list for PBXNativeTarget "TestCloud" */;
			buildPhases = (
				C75343381E1513BF004392F6 /* Sources */,
				C75343391E1513BF004392F6 /* Frameworks */,
				C753433A1E1513BF004392F6 /* Resources */,
			);
			buildRules = (
			);
			dependencies = (
			);
			name = TestCloud;
			productName = TestCloud;
			productReference = C753433C1E1513BF004392F6 /* TestCloud.app */;
			productType = "com.apple.product-type.application";
		};
/* End PBXNativeTarget section */

/* Begin PBXProject section */
		C75343341E1513BF004392F6 /* Project object */ = {
			isa = PBXProject;
			attributes = {
				LastSwiftUpdateCheck = 0820;
				LastUpgradeCheck = 0820;
				ORGANIZATIONNAME = "Lê Hà Thành";
				TargetAttributes = {
					C753433B1E1513BF004392F6 = {
						CreatedOnToolsVersion = 8.2.1;
						DevelopmentTeam = 364CX8AM3K;
						ProvisioningStyle = Automatic;
						SystemCapabilities = {
							com.apple.Push = {
								enabled = 0;
							};
							com.apple.iCloud = {
								enabled = 1;
							};
						};
					};
				};
			};
			buildConfigurationList = C75343371E1513BF004392F6 /* Build configuration list for PBXProject "TestCloud" */;
			compatibilityVersion = "Xcode 3.2";
			developmentRegion = English;
			hasScannedForEncodings = 0;
			knownRegions = (
				en,
				Base,
			);
			mainGroup = C75343331E1513BF004392F6;
			productRefGroup = C753433D1E1513BF004392F6 /* Products */;
			projectDirPath = "";
			projectRoot = "";
			targets = (
				C753433B1E1513BF004392F6 /* TestCloud */,
			);
		};
/* End PBXProject section */

/* Begin PBXResourcesBuildPhase section */
		C753433A1E1513BF004392F6 /* Resources */ = {
			isa = PBXResourcesBuildPhase;
			buildActionMask = 2147483647;
			files = (
				C753434A1E1513BF004392F6 /* LaunchScreen.storyboard in Resources */,
				C79A199B1E1666EB0052F7DD /* default.realm in Resources */,
				C75343471E1513BF004392F6 /* Assets.xcassets in Resources */,
				C75343451E1513BF004392F6 /* Main.storyboard in Resources */,
			);
			runOnlyForDeploymentPostprocessing = 0;
		};
/* End PBXResourcesBuildPhase section */

/* Begin PBXSourcesBuildPhase section */
		C75343381E1513BF004392F6 /* Sources */ = {
			isa = PBXSourcesBuildPhase;
			buildActionMask = 2147483647;
			files = (
				C75343401E1513BF004392F6 /* AppDelegate.swift in Sources */,
				C7DBF5E71E156A1E00ADC1B8 /* TableViewController.swift in Sources */,
			);
			runOnlyForDeploymentPostprocessing = 0;
		};
/* End PBXSourcesBuildPhase section */

/* Begin PBXVariantGroup section */
		C75343431E1513BF004392F6 /* Main.storyboard */ = {
			isa = PBXVariantGroup;
			children = (
				C75343441E1513BF004392F6 /* Base */,
			);
			name = Main.storyboard;
			sourceTree = "<group>";
		};
		C75343481E1513BF004392F6 /* LaunchScreen.storyboard */ = {
			isa = PBXVariantGroup;
			children = (
				C75343491E1513BF004392F6 /* Base */,
			);
			name = LaunchScreen.storyboard;
			sourceTree = "<group>";
		};
/* End PBXVariantGroup section */

/* Begin XCBuildConfiguration section */
		C753434C1E1513BF004392F6 /* Debug */ = {
			isa = XCBuildConfiguration;
			buildSettings = {
				ALWAYS_SEARCH_USER_PATHS = NO;
				CLANG_ANALYZER_NONNULL = YES;
				CLANG_CXX_LANGUAGE_STANDARD = "gnu++0x";
				CLANG_CXX_LIBRARY = "libc++";
				CLANG_ENABLE_MODULES = YES;
				CLANG_ENABLE_OBJC_ARC = YES;
				CLANG_WARN_BOOL_CONVERSION = YES;
				CLANG_WARN_CONSTANT_CONVERSION = YES;
				CLANG_WARN_DIRECT_OBJC_ISA_USAGE = YES_ERROR;
				CLANG_WARN_DOCUMENTATION_COMMENTS = YES;
				CLANG_WARN_EMPTY_BODY = YES;
				CLANG_WARN_ENUM_CONVERSION = YES;
				CLANG_WARN_INFINITE_RECURSION = YES;
				CLANG_WARN_INT_CONVERSION = YES;
				CLANG_WARN_OBJC_ROOT_CLASS = YES_ERROR;
				CLANG_WARN_SUSPICIOUS_MOVE = YES;
				CLANG_WARN_UNREACHABLE_CODE = YES;
				CLANG_WARN__DUPLICATE_METHOD_MATCH = YES;
				"CODE_SIGN_IDENTITY[sdk=iphoneos*]" = "iPhone Developer";
				COPY_PHASE_STRIP = NO;
				DEBUG_INFORMATION_FORMAT = dwarf;
				ENABLE_STRICT_OBJC_MSGSEND = YES;
				ENABLE_TESTABILITY = YES;
				GCC_C_LANGUAGE_STANDARD = gnu99;
				GCC_DYNAMIC_NO_PIC = NO;
				GCC_NO_COMMON_BLOCKS = YES;
				GCC_OPTIMIZATION_LEVEL = 0;
				GCC_PREPROCESSOR_DEFINITIONS = (
					"DEBUG=1",
					"$(inherited)",
				);
				GCC_WARN_64_TO_32_BIT_CONVERSION = YES;
				GCC_WARN_ABOUT_RETURN_TYPE = YES_ERROR;
				GCC_WARN_UNDECLARED_SELECTOR = YES;
				GCC_WARN_UNINITIALIZED_AUTOS = YES_AGGRESSIVE;
				GCC_WARN_UNUSED_FUNCTION = YES;
				GCC_WARN_UNUSED_VARIABLE = YES;
				IPHONEOS_DEPLOYMENT_TARGET = 10.2;
				MTL_ENABLE_DEBUG_INFO = YES;
				ONLY_ACTIVE_ARCH = YES;
				SDKROOT = iphoneos;
				SWIFT_ACTIVE_COMPILATION_CONDITIONS = DEBUG;
				SWIFT_OPTIMIZATION_LEVEL = "-Onone";
			};
			name = Debug;
		};
		C753434D1E1513BF004392F6 /* Release */ = {
			isa = XCBuildConfiguration;
			buildSettings = {
				ALWAYS_SEARCH_USER_PATHS = NO;
				CLANG_ANALYZER_NONNULL = YES;
				CLANG_CXX_LANGUAGE_STANDARD = "gnu++0x";
				CLANG_CXX_LIBRARY = "libc++";
				CLANG_ENABLE_MODULES = YES;
				CLANG_ENABLE_OBJC_ARC = YES;
				CLANG_WARN_BOOL_CONVERSION = YES;
				CLANG_WARN_CONSTANT_CONVERSION = YES;
				CLANG_WARN_DIRECT_OBJC_ISA_USAGE = YES_ERROR;
				CLANG_WARN_DOCUMENTATION_COMMENTS = YES;
				CLANG_WARN_EMPTY_BODY = YES;
				CLANG_WARN_ENUM_CONVERSION = YES;
				CLANG_WARN_INFINITE_RECURSION = YES;
				CLANG_WARN_INT_CONVERSION = YES;
				CLANG_WARN_OBJC_ROOT_CLASS = YES_ERROR;
				CLANG_WARN_SUSPICIOUS_MOVE = YES;
				CLANG_WARN_UNREACHABLE_CODE = YES;
				CLANG_WARN__DUPLICATE_METHOD_MATCH = YES;
				"CODE_SIGN_IDENTITY[sdk=iphoneos*]" = "iPhone Developer";
				COPY_PHASE_STRIP = NO;
				DEBUG_INFORMATION_FORMAT = "dwarf-with-dsym";
				ENABLE_NS_ASSERTIONS = NO;
				ENABLE_STRICT_OBJC_MSGSEND = YES;
				GCC_C_LANGUAGE_STANDARD = gnu99;
				GCC_NO_COMMON_BLOCKS = YES;
				GCC_WARN_64_TO_32_BIT_CONVERSION = YES;
				GCC_WARN_ABOUT_RETURN_TYPE = YES_ERROR;
				GCC_WARN_UNDECLARED_SELECTOR = YES;
				GCC_WARN_UNINITIALIZED_AUTOS = YES_AGGRESSIVE;
				GCC_WARN_UNUSED_FUNCTION = YES;
				GCC_WARN_UNUSED_VARIABLE = YES;
				IPHONEOS_DEPLOYMENT_TARGET = 10.2;
				MTL_ENABLE_DEBUG_INFO = NO;
				SDKROOT = iphoneos;
				SWIFT_OPTIMIZATION_LEVEL = "-Owholemodule";
				VALIDATE_PRODUCT = YES;
			};
			name = Release;
		};
		C753434F1E1513BF004392F6 /* Debug */ = {
			isa = XCBuildConfiguration;
			buildSettings = {
				ASSETCATALOG_COMPILER_APPICON_NAME = AppIcon;
				CODE_SIGN_ENTITLEMENTS = TestCloud/TestCloud.entitlements;
				DEVELOPMENT_TEAM = 364CX8AM3K;
				INFOPLIST_FILE = TestCloud/Info.plist;
				LD_RUNPATH_SEARCH_PATHS = "$(inherited) @executable_path/Frameworks";
				PRODUCT_BUNDLE_IDENTIFIER = com.superman.TestCloud;
				PRODUCT_NAME = "$(TARGET_NAME)";
				SWIFT_VERSION = 3.0;
			};
			name = Debug;
		};
		C75343501E1513BF004392F6 /* Release */ = {
			isa = XCBuildConfiguration;
			buildSettings = {
				ASSETCATALOG_COMPILER_APPICON_NAME = AppIcon;
				CODE_SIGN_ENTITLEMENTS = TestCloud/TestCloud.entitlements;
				DEVELOPMENT_TEAM = 364CX8AM3K;
				INFOPLIST_FILE = TestCloud/Info.plist;
				LD_RUNPATH_SEARCH_PATHS = "$(inherited) @executable_path/Frameworks";
				PRODUCT_BUNDLE_IDENTIFIER = com.superman.TestCloud;
				PRODUCT_NAME = "$(TARGET_NAME)";
				SWIFT_VERSION = 3.0;
			};
			name = Release;
		};
/* End XCBuildConfiguration section */

/* Begin XCConfigurationList section */
		C75343371E1513BF004392F6 /* Build configuration list for PBXProject "TestCloud" */ = {
			isa = XCConfigurationList;
			buildConfigurations = (
				C753434C1E1513BF004392F6 /* Debug */,
				C753434D1E1513BF004392F6 /* Release */,
			);
			defaultConfigurationIsVisible = 0;
			defaultConfigurationName = Release;
		};
		C753434E1E1513BF004392F6 /* Build configuration list for PBXNativeTarget "TestCloud" */ = {
			isa = XCConfigurationList;
			buildConfigurations = (
				C753434F1E1513BF004392F6 /* Debug */,
				C75343501E1513BF004392F6 /* Release */,
			);
			defaultConfigurationIsVisible = 0;
			defaultConfigurationName = Release;
		};
/* End XCConfigurationList section */
	};
	rootObject = C75343341E1513BF004392F6 /* Project object */;
}
